
Microsoft Visual Studio Solution File, Format Version 12.00
# Visual Studio Version 16
VisualStudioVersion = 16.0.29519.181
MinimumVisualStudioVersion = 10.0.40219.1
Project("{FAE04EC0-301F-11D3-BF4B-00C04F79EFBC}") = "Base64Tools", "Base64Tools\Base64Tools.csproj", "{D12386A5-36FA-43EC-A3E9-6F5B732F4F1B}"
EndProject
Project("{FAE04EC0-301F-11D3-BF4B-00C04F79EFBC}") = "FileDotNet", "FileDotNet\FileDotNet.csproj", "{3A58C57D-B27F-452F-85E8-B71C5B6883C2}"
EndProject
Global
	GlobalSection(SolutionConfigurationPlatforms) = preSolution
		Debug|Any CPU = Debug|Any CPU
		Release|Any CPU = Release|Any CPU
	EndGlobalSection
	GlobalSection(ProjectConfigurationPlatforms) = postSolution
		{D12386A5-36FA-43EC-A3E9-6F5B732F4F1B}.Debug|Any CPU.ActiveCfg = Debug|Any CPU
		{D12386A5-36FA-43EC-A3E9-6F5B732F4F1B}.Debug|Any CPU.Build.0 = Debug|Any CPU
		{D12386A5-36FA-43EC-A3E9-6F5B732F4F1B}.Release|Any CPU.ActiveCfg = Release|Any CPU
		{D12386A5-36FA-43EC-A3E9-6F5B732F4F1B}.Release|Any CPU.Build.0 = Release|Any CPU
		{3A58C57D-B27F-452F-85E8-B71C5B6883C2}.Debug|Any CPU.ActiveCfg = Debug|Any CPU
		{3A58C57D-B27F-452F-85E8-B71C5B6883C2}.Debug|Any CPU.Build.0 = Debug|Any CPU
		{3A58C57D-B27F-452F-85E8-B71C5B6883C2}.Release|Any CPU.ActiveCfg = Release|Any CPU
		{3A58C57D-B27F-452F-85E8-B71C5B6883C2}.Release|Any CPU.Build.0 = Release|Any CPU
	EndGlobalSection
	GlobalSection(SolutionProperties) = preSolution
		HideSolutionNode = FALSE
	EndGlobalSection
	GlobalSection(ExtensibilityGlobals) = postSolution
		SolutionGuid = {9456F1F1-B9C8-4CD8-861B-5277F560A4D4}
	EndGlobalSection
EndGlobal
